// !$*UTF8*$!
{
	archiveVersion = 1;
	classes = {
	};
	objectVersion = 46;
	objects = {

/* Begin PBXBuildFile section */
		0EBB472D1C09796600382DA5 /* AppDelegate.swift in Sources */ = {isa = PBXBuildFile; fileRef = 0EBB472C1C09796600382DA5 /* AppDelegate.swift */; };
		0EBB472F1C09796600382DA5 /* ViewController.swift in Sources */ = {isa = PBXBuildFile; fileRef = 0EBB472E1C09796600382DA5 /* ViewController.swift */; };
		0EBB47321C09796600382DA5 /* Main.storyboard in Resources */ = {isa = PBXBuildFile; fileRef = 0EBB47301C09796600382DA5 /* Main.storyboard */; };
		0EBB47341C09796600382DA5 /* Assets.xcassets in Resources */ = {isa = PBXBuildFile; fileRef = 0EBB47331C09796600382DA5 /* Assets.xcassets */; };
		0EBB47371C09796600382DA5 /* LaunchScreen.storyboard in Resources */ = {isa = PBXBuildFile; fileRef = 0EBB47351C09796600382DA5 /* LaunchScreen.storyboard */; };
		0ED363361C0986C0004D27DD /* CanvasViewController.swift in Sources */ = {isa = PBXBuildFile; fileRef = 0ED363351C0986C0004D27DD /* CanvasViewController.swift */; };
		630B7C701C09A92C00ABAAB3 /* ColorViewController.swift in Sources */ = {isa = PBXBuildFile; fileRef = 630B7C6F1C09A92C00ABAAB3 /* ColorViewController.swift */; };
		630B7C721C09EFFD00ABAAB3 /* ColorCell.swift in Sources */ = {isa = PBXBuildFile; fileRef = 630B7C711C09EFFD00ABAAB3 /* ColorCell.swift */; };
		8A837C8C51B4D6106232C8B0 /* libPods.a in Frameworks */ = {isa = PBXBuildFile; fileRef = B7123474DE7ABB7BC06BECA8 /* libPods.a */; };
/* End PBXBuildFile section */

/* Begin PBXFileReference section */
		061B3D02721EEF3B5FCED551 /* Pods.release.xcconfig */ = {isa = PBXFileReference; includeInIndex = 1; lastKnownFileType = text.xcconfig; name = Pods.release.xcconfig; path = "Pods/Target Support Files/Pods/Pods.release.xcconfig"; sourceTree = "<group>"; };
		0EBB47291C09796600382DA5 /* Off The Grid.app */ = {isa = PBXFileReference; explicitFileType = wrapper.application; includeInIndex = 0; path = "Off The Grid.app"; sourceTree = BUILT_PRODUCTS_DIR; };
		0EBB472C1C09796600382DA5 /* AppDelegate.swift */ = {isa = PBXFileReference; lastKnownFileType = sourcecode.swift; path = AppDelegate.swift; sourceTree = "<group>"; };
		0EBB472E1C09796600382DA5 /* ViewController.swift */ = {isa = PBXFileReference; lastKnownFileType = sourcecode.swift; path = ViewController.swift; sourceTree = "<group>"; };
		0EBB47311C09796600382DA5 /* Base */ = {isa = PBXFileReference; lastKnownFileType = file.storyboard; name = Base; path = Base.lproj/Main.storyboard; sourceTree = "<group>"; };
		0EBB47331C09796600382DA5 /* Assets.xcassets */ = {isa = PBXFileReference; lastKnownFileType = folder.assetcatalog; path = Assets.xcassets; sourceTree = "<group>"; };
		0EBB47361C09796600382DA5 /* Base */ = {isa = PBXFileReference; lastKnownFileType = file.storyboard; name = Base; path = Base.lproj/LaunchScreen.storyboard; sourceTree = "<group>"; };
		0EBB47381C09796600382DA5 /* Info.plist */ = {isa = PBXFileReference; lastKnownFileType = text.plist.xml; path = Info.plist; sourceTree = "<group>"; };
		0ED363351C0986C0004D27DD /* CanvasViewController.swift */ = {isa = PBXFileReference; fileEncoding = 4; lastKnownFileType = sourcecode.swift; path = CanvasViewController.swift; sourceTree = "<group>"; };
		630B7C6F1C09A92C00ABAAB3 /* ColorViewController.swift */ = {isa = PBXFileReference; fileEncoding = 4; lastKnownFileType = sourcecode.swift; path = ColorViewController.swift; sourceTree = "<group>"; };
		630B7C711C09EFFD00ABAAB3 /* ColorCell.swift */ = {isa = PBXFileReference; fileEncoding = 4; lastKnownFileType = sourcecode.swift; path = ColorCell.swift; sourceTree = "<group>"; };
		A7E537201401246CB6B65BB1 /* Pods.debug.xcconfig */ = {isa = PBXFileReference; includeInIndex = 1; lastKnownFileType = text.xcconfig; name = Pods.debug.xcconfig; path = "Pods/Target Support Files/Pods/Pods.debug.xcconfig"; sourceTree = "<group>"; };
		B7123474DE7ABB7BC06BECA8 /* libPods.a */ = {isa = PBXFileReference; explicitFileType = archive.ar; includeInIndex = 0; path = libPods.a; sourceTree = BUILT_PRODUCTS_DIR; };
/* End PBXFileReference section */

/* Begin PBXFrameworksBuildPhase section */
		0EBB47261C09796600382DA5 /* Frameworks */ = {
			isa = PBXFrameworksBuildPhase;
			buildActionMask = 2147483647;
			files = (
				8A837C8C51B4D6106232C8B0 /* libPods.a in Frameworks */,
			);
			runOnlyForDeploymentPostprocessing = 0;
		};
/* End PBXFrameworksBuildPhase section */

/* Begin PBXGroup section */
		016B53BDFE9E57D4AF53DC81 /* Frameworks */ = {
			isa = PBXGroup;
			children = (
				B7123474DE7ABB7BC06BECA8 /* libPods.a */,
			);
			name = Frameworks;
			sourceTree = "<group>";
		};
		0EBB47201C09796600382DA5 = {
			isa = PBXGroup;
			children = (
				0EBB472B1C09796600382DA5 /* off-the-grid */,
				0EBB472A1C09796600382DA5 /* Products */,
				E165E642D3661655C0E52165 /* Pods */,
				016B53BDFE9E57D4AF53DC81 /* Frameworks */,
			);
			sourceTree = "<group>";
		};
		0EBB472A1C09796600382DA5 /* Products */ = {
			isa = PBXGroup;
			children = (
				0EBB47291C09796600382DA5 /* Off The Grid.app */,
			);
			name = Products;
			sourceTree = "<group>";
		};
		0EBB472B1C09796600382DA5 /* off-the-grid */ = {
			isa = PBXGroup;
			children = (
				0EBB472C1C09796600382DA5 /* AppDelegate.swift */,
				0EBB472E1C09796600382DA5 /* ViewController.swift */,
				0ED363351C0986C0004D27DD /* CanvasViewController.swift */,
				0EBB47301C09796600382DA5 /* Main.storyboard */,
				0EBB47331C09796600382DA5 /* Assets.xcassets */,
				0EBB47351C09796600382DA5 /* LaunchScreen.storyboard */,
				0EBB47381C09796600382DA5 /* Info.plist */,
				630B7C6F1C09A92C00ABAAB3 /* ColorViewController.swift */,
				630B7C711C09EFFD00ABAAB3 /* ColorCell.swift */,
			);
			path = "off-the-grid";
			sourceTree = "<group>";
		};
		E165E642D3661655C0E52165 /* Pods */ = {
			isa = PBXGroup;
			children = (
				A7E537201401246CB6B65BB1 /* Pods.debug.xcconfig */,
				061B3D02721EEF3B5FCED551 /* Pods.release.xcconfig */,
			);
			name = Pods;
			sourceTree = "<group>";
		};
/* End PBXGroup section */

/* Begin PBXNativeTarget section */
		0EBB47281C09796600382DA5 /* Off The Grid */ = {
			isa = PBXNativeTarget;
			buildConfigurationList = 0EBB473B1C09796600382DA5 /* Build configuration list for PBXNativeTarget "Off The Grid" */;
			buildPhases = (
				6F4CD045E96B3974FBEB3D31 /* Check Pods Manifest.lock */,
				0EBB47251C09796600382DA5 /* Sources */,
				0EBB47261C09796600382DA5 /* Frameworks */,
				0EBB47271C09796600382DA5 /* Resources */,
				CCD2D2B3321102B36E8665D6 /* Embed Pods Frameworks */,
				79C4E30EB94B3D6E8C30FC56 /* Copy Pods Resources */,
			);
			buildRules = (
			);
			dependencies = (
			);
			name = "Off The Grid";
			productName = "off-the-grid";
			productReference = 0EBB47291C09796600382DA5 /* Off The Grid.app */;
			productType = "com.apple.product-type.application";
		};
/* End PBXNativeTarget section */

/* Begin PBXProject section */
		0EBB47211C09796600382DA5 /* Project object */ = {
			isa = PBXProject;
			attributes = {
				LastSwiftUpdateCheck = 0710;
				LastUpgradeCheck = 0710;
				ORGANIZATIONNAME = "Team-Off-The-Grid";
				TargetAttributes = {
					0EBB47281C09796600382DA5 = {
						CreatedOnToolsVersion = 7.1.1;
						DevelopmentTeam = R6552SUGAZ;
					};
				};
			};
			buildConfigurationList = 0EBB47241C09796600382DA5 /* Build configuration list for PBXProject "Off The Grid" */;
			compatibilityVersion = "Xcode 3.2";
			developmentRegion = English;
			hasScannedForEncodings = 0;
			knownRegions = (
				en,
				Base,
			);
			mainGroup = 0EBB47201C09796600382DA5;
			productRefGroup = 0EBB472A1C09796600382DA5 /* Products */;
			projectDirPath = "";
			projectRoot = "";
			targets = (
				0EBB47281C09796600382DA5 /* Off The Grid */,
			);
		};
/* End PBXProject section */

/* Begin PBXResourcesBuildPhase section */
		0EBB47271C09796600382DA5 /* Resources */ = {
			isa = PBXResourcesBuildPhase;
			buildActionMask = 2147483647;
			files = (
				0EBB47371C09796600382DA5 /* LaunchScreen.storyboard in Resources */,
				0EBB47341C09796600382DA5 /* Assets.xcassets in Resources */,
				0EBB47321C09796600382DA5 /* Main.storyboard in Resources */,
			);
			runOnlyForDeploymentPostprocessing = 0;
		};
/* End PBXResourcesBuildPhase section */

/* Begin PBXShellScriptBuildPhase section */
		6F4CD045E96B3974FBEB3D31 /* Check Pods Manifest.lock */ = {
			isa = PBXShellScriptBuildPhase;
			buildActionMask = 2147483647;
			files = (
			);
			inputPaths = (
			);
			name = "Check Pods Manifest.lock";
			outputPaths = (
			);
			runOnlyForDeploymentPostprocessing = 0;
			shellPath = /bin/sh;
			shellScript = "diff \"${PODS_ROOT}/../Podfile.lock\" \"${PODS_ROOT}/Manifest.lock\" > /dev/null\nif [[ $? != 0 ]] ; then\n    cat << EOM\nerror: The sandbox is not in sync with the Podfile.lock. Run 'pod install' or update your CocoaPods installation.\nEOM\n    exit 1\nfi\n";
			showEnvVarsInLog = 0;
		};
		79C4E30EB94B3D6E8C30FC56 /* Copy Pods Resources */ = {
			isa = PBXShellScriptBuildPhase;
			buildActionMask = 2147483647;
			files = (
			);
			inputPaths = (
			);
			name = "Copy Pods Resources";
			outputPaths = (
			);
			runOnlyForDeploymentPostprocessing = 0;
			shellPath = /bin/sh;
			shellScript = "\"${SRCROOT}/Pods/Target Support Files/Pods/Pods-resources.sh\"\n";
			showEnvVarsInLog = 0;
		};
		CCD2D2B3321102B36E8665D6 /* Embed Pods Frameworks */ = {
			isa = PBXShellScriptBuildPhase;
			buildActionMask = 2147483647;
			files = (
			);
			inputPaths = (
			);
			name = "Embed Pods Frameworks";
			outputPaths = (
			);
			runOnlyForDeploymentPostprocessing = 0;
			shellPath = /bin/sh;
			shellScript = "\"${SRCROOT}/Pods/Target Support Files/Pods/Pods-frameworks.sh\"\n";
			showEnvVarsInLog = 0;
		};
/* End PBXShellScriptBuildPhase section */

/* Begin PBXSourcesBuildPhase section */
		0EBB47251C09796600382DA5 /* Sources */ = {
			isa = PBXSourcesBuildPhase;
			buildActionMask = 2147483647;
			files = (
				0EBB472F1C09796600382DA5 /* ViewController.swift in Sources */,
				0ED363361C0986C0004D27DD /* CanvasViewController.swift in Sources */,
				630B7C701C09A92C00ABAAB3 /* ColorViewController.swift in Sources */,
				630B7C721C09EFFD00ABAAB3 /* ColorCell.swift in Sources */,
				0EBB472D1C09796600382DA5 /* AppDelegate.swift in Sources */,
			);
			runOnlyForDeploymentPostprocessing = 0;
		};
/* End PBXSourcesBuildPhase section */

/* Begin PBXVariantGroup section */
		0EBB47301C09796600382DA5 /* Main.storyboard */ = {
			isa = PBXVariantGroup;
			children = (
				0EBB47311C09796600382DA5 /* Base */,
			);
			name = Main.storyboard;
			sourceTree = "<group>";
		};
		0EBB47351C09796600382DA5 /* LaunchScreen.storyboard */ = {
			isa = PBXVariantGroup;
			children = (
				0EBB47361C09796600382DA5 /* Base */,
			);
			name = LaunchScreen.storyboard;
			sourceTree = "<group>";
		};
/* End PBXVariantGroup section */

/* Begin XCBuildConfiguration section */
		0EBB47391C09796600382DA5 /* Debug */ = {
			isa = XCBuildConfiguration;
			buildSettings = {
				ALWAYS_SEARCH_USER_PATHS = NO;
				CLANG_CXX_LANGUAGE_STANDARD = "gnu++0x";
				CLANG_CXX_LIBRARY = "libc++";
				CLANG_ENABLE_MODULES = YES;
				CLANG_ENABLE_OBJC_ARC = YES;
				CLANG_WARN_BOOL_CONVERSION = YES;
				CLANG_WARN_CONSTANT_CONVERSION = YES;
				CLANG_WARN_DIRECT_OBJC_ISA_USAGE = YES_ERROR;
				CLANG_WARN_EMPTY_BODY = YES;
				CLANG_WARN_ENUM_CONVERSION = YES;
				CLANG_WARN_INT_CONVERSION = YES;
				CLANG_WARN_OBJC_ROOT_CLASS = YES_ERROR;
				CLANG_WARN_UNREACHABLE_CODE = YES;
				CLANG_WARN__DUPLICATE_METHOD_MATCH = YES;
				"CODE_SIGN_IDENTITY[sdk=iphoneos*]" = "iPhone Developer";
				COPY_PHASE_STRIP = NO;
				DEBUG_INFORMATION_FORMAT = dwarf;
				ENABLE_STRICT_OBJC_MSGSEND = YES;
				ENABLE_TESTABILITY = YES;
				GCC_C_LANGUAGE_STANDARD = gnu99;
				GCC_DYNAMIC_NO_PIC = NO;
				GCC_NO_COMMON_BLOCKS = YES;
				GCC_OPTIMIZATION_LEVEL = 0;
				GCC_PREPROCESSOR_DEFINITIONS = (
					"DEBUG=1",
					"$(inherited)",
				);
				GCC_WARN_64_TO_32_BIT_CONVERSION = YES;
				GCC_WARN_ABOUT_RETURN_TYPE = YES_ERROR;
				GCC_WARN_UNDECLARED_SELECTOR = YES;
				GCC_WARN_UNINITIALIZED_AUTOS = YES_AGGRESSIVE;
				GCC_WARN_UNUSED_FUNCTION = YES;
				GCC_WARN_UNUSED_VARIABLE = YES;
				IPHONEOS_DEPLOYMENT_TARGET = 9.1;
				MTL_ENABLE_DEBUG_INFO = YES;
				ONLY_ACTIVE_ARCH = YES;
				SDKROOT = iphoneos;
				SWIFT_OPTIMIZATION_LEVEL = "-Onone";
				TARGETED_DEVICE_FAMILY = "1,2";
			};
			name = Debug;
		};
		0EBB473A1C09796600382DA5 /* Release */ = {
			isa = XCBuildConfiguration;
			buildSettings = {
				ALWAYS_SEARCH_USER_PATHS = NO;
				CLANG_CXX_LANGUAGE_STANDARD = "gnu++0x";
				CLANG_CXX_LIBRARY = "libc++";
				CLANG_ENABLE_MODULES = YES;
				CLANG_ENABLE_OBJC_ARC = YES;
				CLANG_WARN_BOOL_CONVERSION = YES;
				CLANG_WARN_CONSTANT_CONVERSION = YES;
				CLANG_WARN_DIRECT_OBJC_ISA_USAGE = YES_ERROR;
				CLANG_WARN_EMPTY_BODY = YES;
				CLANG_WARN_ENUM_CONVERSION = YES;
				CLANG_WARN_INT_CONVERSION = YES;
				CLANG_WARN_OBJC_ROOT_CLASS = YES_ERROR;
				CLANG_WARN_UNREACHABLE_CODE = YES;
				CLANG_WARN__DUPLICATE_METHOD_MATCH = YES;
				"CODE_SIGN_IDENTITY[sdk=iphoneos*]" = "iPhone Developer";
				COPY_PHASE_STRIP = NO;
				DEBUG_INFORMATION_FORMAT = "dwarf-with-dsym";
				ENABLE_NS_ASSERTIONS = NO;
				ENABLE_STRICT_OBJC_MSGSEND = YES;
				GCC_C_LANGUAGE_STANDARD = gnu99;
				GCC_NO_COMMON_BLOCKS = YES;
				GCC_WARN_64_TO_32_BIT_CONVERSION = YES;
				GCC_WARN_ABOUT_RETURN_TYPE = YES_ERROR;
				GCC_WARN_UNDECLARED_SELECTOR = YES;
				GCC_WARN_UNINITIALIZED_AUTOS = YES_AGGRESSIVE;
				GCC_WARN_UNUSED_FUNCTION = YES;
				GCC_WARN_UNUSED_VARIABLE = YES;
				IPHONEOS_DEPLOYMENT_TARGET = 9.1;
				MTL_ENABLE_DEBUG_INFO = NO;
				SDKROOT = iphoneos;
				TARGETED_DEVICE_FAMILY = "1,2";
				VALIDATE_PRODUCT = YES;
			};
			name = Release;
		};
		0EBB473C1C09796600382DA5 /* Debug */ = {
			isa = XCBuildConfiguration;
			baseConfigurationReference = A7E537201401246CB6B65BB1 /* Pods.debug.xcconfig */;
			buildSettings = {
				ASSETCATALOG_COMPILER_APPICON_NAME = AppIcon;
				CODE_SIGN_IDENTITY = "iPhone Developer";
				"CODE_SIGN_IDENTITY[sdk=iphoneos*]" = "iPhone Developer";
				INFOPLIST_FILE = "off-the-grid/Info.plist";
				IPHONEOS_DEPLOYMENT_TARGET = 9.0;
				LD_RUNPATH_SEARCH_PATHS = "$(inherited) @executable_path/Frameworks";
				PRODUCT_BUNDLE_IDENTIFIER = "Team-Off-The-Grid.off-the-grid";
				PRODUCT_NAME = "Off The Grid";
				PROVISIONING_PROFILE = "";
			};
			name = Debug;
		};
		0EBB473D1C09796600382DA5 /* Release */ = {
			isa = XCBuildConfiguration;
			baseConfigurationReference = 061B3D02721EEF3B5FCED551 /* Pods.release.xcconfig */;
			buildSettings = {
				ASSETCATALOG_COMPILER_APPICON_NAME = AppIcon;
				CODE_SIGN_IDENTITY = "iPhone Developer";
				"CODE_SIGN_IDENTITY[sdk=iphoneos*]" = "iPhone Developer";
				INFOPLIST_FILE = "off-the-grid/Info.plist";
				IPHONEOS_DEPLOYMENT_TARGET = 9.0;
				LD_RUNPATH_SEARCH_PATHS = "$(inherited) @executable_path/Frameworks";
				PRODUCT_BUNDLE_IDENTIFIER = "Team-Off-The-Grid.off-the-grid";
				PRODUCT_NAME = "Off The Grid";
				PROVISIONING_PROFILE = "";
			};
			name = Release;
		};
/* End XCBuildConfiguration section */

/* Begin XCConfigurationList section */
		0EBB47241C09796600382DA5 /* Build configuration list for PBXProject "Off The Grid" */ = {
			isa = XCConfigurationList;
			buildConfigurations = (
				0EBB47391C09796600382DA5 /* Debug */,
				0EBB473A1C09796600382DA5 /* Release */,
			);
			defaultConfigurationIsVisible = 0;
			defaultConfigurationName = Release;
		};
		0EBB473B1C09796600382DA5 /* Build configuration list for PBXNativeTarget "Off The Grid" */ = {
			isa = XCConfigurationList;
			buildConfigurations = (
				0EBB473C1C09796600382DA5 /* Debug */,
				0EBB473D1C09796600382DA5 /* Release */,
			);
			defaultConfigurationIsVisible = 0;
			defaultConfigurationName = Release;
		};
/* End XCConfigurationList section */
	};
	rootObject = 0EBB47211C09796600382DA5 /* Project object */;
}
